// !$*UTF8*$!
{
	archiveVersion = 1;
	classes = {
	};
	objectVersion = 46;
	objects = {

/* Begin PBXBuildFile section */
		006652821A7F91690057C15A /* main.m in Sources */ = {isa = PBXBuildFile; fileRef = 006652811A7F91690057C15A /* main.m */; };
		006652851A7F91690057C15A /* AppDelegate.m in Sources */ = {isa = PBXBuildFile; fileRef = 006652841A7F91690057C15A /* AppDelegate.m */; };
		006652871A7F91690057C15A /* Images.xcassets in Resources */ = {isa = PBXBuildFile; fileRef = 006652861A7F91690057C15A /* Images.xcassets */; };
		0066528A1A7F91690057C15A /* LaunchScreen.xib in Resources */ = {isa = PBXBuildFile; fileRef = 006652881A7F91690057C15A /* LaunchScreen.xib */; };
		006652961A7F91690057C15A /* EverpobreTests.m in Sources */ = {isa = PBXBuildFile; fileRef = 006652951A7F91690057C15A /* EverpobreTests.m */; };
/* End PBXBuildFile section */

/* Begin PBXContainerItemProxy section */
		006652901A7F91690057C15A /* PBXContainerItemProxy */ = {
			isa = PBXContainerItemProxy;
			containerPortal = 006652741A7F91690057C15A /* Project object */;
			proxyType = 1;
			remoteGlobalIDString = 0066527B1A7F91690057C15A;
			remoteInfo = Everpobre;
		};
/* End PBXContainerItemProxy section */

/* Begin PBXFileReference section */
		0066527C1A7F91690057C15A /* Everpobre.app */ = {isa = PBXFileReference; explicitFileType = wrapper.application; includeInIndex = 0; path = Everpobre.app; sourceTree = BUILT_PRODUCTS_DIR; };
		006652801A7F91690057C15A /* Info.plist */ = {isa = PBXFileReference; lastKnownFileType = text.plist.xml; path = Info.plist; sourceTree = "<group>"; };
		006652811A7F91690057C15A /* main.m */ = {isa = PBXFileReference; lastKnownFileType = sourcecode.c.objc; path = main.m; sourceTree = "<group>"; };
		006652831A7F91690057C15A /* AppDelegate.h */ = {isa = PBXFileReference; lastKnownFileType = sourcecode.c.h; path = AppDelegate.h; sourceTree = "<group>"; };
		006652841A7F91690057C15A /* AppDelegate.m */ = {isa = PBXFileReference; lastKnownFileType = sourcecode.c.objc; path = AppDelegate.m; sourceTree = "<group>"; };
		006652861A7F91690057C15A /* Images.xcassets */ = {isa = PBXFileReference; lastKnownFileType = folder.assetcatalog; path = Images.xcassets; sourceTree = "<group>"; };
		006652891A7F91690057C15A /* Base */ = {isa = PBXFileReference; lastKnownFileType = file.xib; name = Base; path = Base.lproj/LaunchScreen.xib; sourceTree = "<group>"; };
		0066528F1A7F91690057C15A /* EverpobreTests.xctest */ = {isa = PBXFileReference; explicitFileType = wrapper.cfbundle; includeInIndex = 0; path = EverpobreTests.xctest; sourceTree = BUILT_PRODUCTS_DIR; };
		006652941A7F91690057C15A /* Info.plist */ = {isa = PBXFileReference; lastKnownFileType = text.plist.xml; path = Info.plist; sourceTree = "<group>"; };
		006652951A7F91690057C15A /* EverpobreTests.m */ = {isa = PBXFileReference; lastKnownFileType = sourcecode.c.objc; path = EverpobreTests.m; sourceTree = "<group>"; };
/* End PBXFileReference section */

/* Begin PBXFrameworksBuildPhase section */
		006652791A7F91690057C15A /* Frameworks */ = {
			isa = PBXFrameworksBuildPhase;
			buildActionMask = 2147483647;
			files = (
			);
			runOnlyForDeploymentPostprocessing = 0;
		};
		0066528C1A7F91690057C15A /* Frameworks */ = {
			isa = PBXFrameworksBuildPhase;
			buildActionMask = 2147483647;
			files = (
			);
			runOnlyForDeploymentPostprocessing = 0;
		};
/* End PBXFrameworksBuildPhase section */

/* Begin PBXGroup section */
		006652731A7F91690057C15A = {
			isa = PBXGroup;
			children = (
				0066527E1A7F91690057C15A /* Everpobre */,
				006652921A7F91690057C15A /* EverpobreTests */,
				0066527D1A7F91690057C15A /* Products */,
			);
			sourceTree = "<group>";
		};
		0066527D1A7F91690057C15A /* Products */ = {
			isa = PBXGroup;
			children = (
				0066527C1A7F91690057C15A /* Everpobre.app */,
				0066528F1A7F91690057C15A /* EverpobreTests.xctest */,
			);
			name = Products;
			sourceTree = "<group>";
		};
		0066527E1A7F91690057C15A /* Everpobre */ = {
			isa = PBXGroup;
			children = (
				006652831A7F91690057C15A /* AppDelegate.h */,
				006652841A7F91690057C15A /* AppDelegate.m */,
				006652861A7F91690057C15A /* Images.xcassets */,
				006652881A7F91690057C15A /* LaunchScreen.xib */,
				0066527F1A7F91690057C15A /* Supporting Files */,
			);
			path = Everpobre;
			sourceTree = "<group>";
		};
		0066527F1A7F91690057C15A /* Supporting Files */ = {
			isa = PBXGroup;
			children = (
				006652801A7F91690057C15A /* Info.plist */,
				006652811A7F91690057C15A /* main.m */,
			);
			name = "Supporting Files";
			sourceTree = "<group>";
		};
		006652921A7F91690057C15A /* EverpobreTests */ = {
			isa = PBXGroup;
			children = (
				006652951A7F91690057C15A /* EverpobreTests.m */,
				006652931A7F91690057C15A /* Supporting Files */,
			);
			path = EverpobreTests;
			sourceTree = "<group>";
		};
		006652931A7F91690057C15A /* Supporting Files */ = {
			isa = PBXGroup;
			children = (
				006652941A7F91690057C15A /* Info.plist */,
			);
			name = "Supporting Files";
			sourceTree = "<group>";
		};
/* End PBXGroup section */

/* Begin PBXNativeTarget section */
		0066527B1A7F91690057C15A /* Everpobre */ = {
			isa = PBXNativeTarget;
			buildConfigurationList = 006652991A7F91690057C15A /* Build configuration list for PBXNativeTarget "Everpobre" */;
			buildPhases = (
				006652781A7F91690057C15A /* Sources */,
				006652791A7F91690057C15A /* Frameworks */,
				0066527A1A7F91690057C15A /* Resources */,
			);
			buildRules = (
			);
			dependencies = (
			);
			name = Everpobre;
			productName = Everpobre;
			productReference = 0066527C1A7F91690057C15A /* Everpobre.app */;
			productType = "com.apple.product-type.application";
		};
		0066528E1A7F91690057C15A /* EverpobreTests */ = {
			isa = PBXNativeTarget;
			buildConfigurationList = 0066529C1A7F91690057C15A /* Build configuration list for PBXNativeTarget "EverpobreTests" */;
			buildPhases = (
				0066528B1A7F91690057C15A /* Sources */,
				0066528C1A7F91690057C15A /* Frameworks */,
				0066528D1A7F91690057C15A /* Resources */,
			);
			buildRules = (
			);
			dependencies = (
				006652911A7F91690057C15A /* PBXTargetDependency */,
			);
			name = EverpobreTests;
			productName = EverpobreTests;
			productReference = 0066528F1A7F91690057C15A /* EverpobreTests.xctest */;
			productType = "com.apple.product-type.bundle.unit-test";
		};
/* End PBXNativeTarget section */

/* Begin PBXProject section */
		006652741A7F91690057C15A /* Project object */ = {
			isa = PBXProject;
			attributes = {
				LastUpgradeCheck = 0610;
				ORGANIZATIONNAME = lip;
				TargetAttributes = {
					0066527B1A7F91690057C15A = {
						CreatedOnToolsVersion = 6.1.1;
					};
					0066528E1A7F91690057C15A = {
						CreatedOnToolsVersion = 6.1.1;
						TestTargetID = 0066527B1A7F91690057C15A;
					};
				};
			};
			buildConfigurationList = 006652771A7F91690057C15A /* Build configuration list for PBXProject "Everpobre" */;
			compatibilityVersion = "Xcode 3.2";
			developmentRegion = English;
			hasScannedForEncodings = 0;
			knownRegions = (
				en,
				Base,
			);
			mainGroup = 006652731A7F91690057C15A;
			productRefGroup = 0066527D1A7F91690057C15A /* Products */;
			projectDirPath = "";
			projectRoot = "";
			targets = (
				0066527B1A7F91690057C15A /* Everpobre */,
				0066528E1A7F91690057C15A /* EverpobreTests */,
			);
		};
/* End PBXProject section */

/* Begin PBXResourcesBuildPhase section */
		0066527A1A7F91690057C15A /* Resources */ = {
			isa = PBXResourcesBuildPhase;
			buildActionMask = 2147483647;
			files = (
				0066528A1A7F91690057C15A /* LaunchScreen.xib in Resources */,
				006652871A7F91690057C15A /* Images.xcassets in Resources */,
			);
			runOnlyForDeploymentPostprocessing = 0;
		};
		0066528D1A7F91690057C15A /* Resources */ = {
			isa = PBXResourcesBuildPhase;
			buildActionMask = 2147483647;
			files = (
			);
			runOnlyForDeploymentPostprocessing = 0;
		};
/* End PBXResourcesBuildPhase section */

/* Begin PBXSourcesBuildPhase section */
		006652781A7F91690057C15A /* Sources */ = {
			isa = PBXSourcesBuildPhase;
			buildActionMask = 2147483647;
			files = (
				006652851A7F91690057C15A /* AppDelegate.m in Sources */,
				006652821A7F91690057C15A /* main.m in Sources */,
			);
			runOnlyForDeploymentPostprocessing = 0;
		};
		0066528B1A7F91690057C15A /* Sources */ = {
			isa = PBXSourcesBuildPhase;
			buildActionMask = 2147483647;
			files = (
				006652961A7F91690057C15A /* EverpobreTests.m in Sources */,
			);
			runOnlyForDeploymentPostprocessing = 0;
		};
/* End PBXSourcesBuildPhase section */

/* Begin PBXTargetDependency section */
		006652911A7F91690057C15A /* PBXTargetDependency */ = {
			isa = PBXTargetDependency;
			target = 0066527B1A7F91690057C15A /* Everpobre */;
			targetProxy = 006652901A7F91690057C15A /* PBXContainerItemProxy */;
		};
/* End PBXTargetDependency section */

/* Begin PBXVariantGroup section */
		006652881A7F91690057C15A /* LaunchScreen.xib */ = {
			isa = PBXVariantGroup;
			children = (
				006652891A7F91690057C15A /* Base */,
			);
			name = LaunchScreen.xib;
			sourceTree = "<group>";
		};
/* End PBXVariantGroup section */

/* Begin XCBuildConfiguration section */
		006652971A7F91690057C15A /* Debug */ = {
			isa = XCBuildConfiguration;
			buildSettings = {
				ALWAYS_SEARCH_USER_PATHS = NO;
				CLANG_CXX_LANGUAGE_STANDARD = "gnu++0x";
				CLANG_CXX_LIBRARY = "libc++";
				CLANG_ENABLE_MODULES = YES;
				CLANG_ENABLE_OBJC_ARC = YES;
				CLANG_WARN_BOOL_CONVERSION = YES;
				CLANG_WARN_CONSTANT_CONVERSION = YES;
				CLANG_WARN_DIRECT_OBJC_ISA_USAGE = YES_ERROR;
				CLANG_WARN_EMPTY_BODY = YES;
				CLANG_WARN_ENUM_CONVERSION = YES;
				CLANG_WARN_INT_CONVERSION = YES;
				CLANG_WARN_OBJC_ROOT_CLASS = YES_ERROR;
				CLANG_WARN_UNREACHABLE_CODE = YES;
				CLANG_WARN__DUPLICATE_METHOD_MATCH = YES;
				"CODE_SIGN_IDENTITY[sdk=iphoneos*]" = "iPhone Developer";
				COPY_PHASE_STRIP = NO;
				ENABLE_STRICT_OBJC_MSGSEND = YES;
				GCC_C_LANGUAGE_STANDARD = gnu99;
				GCC_DYNAMIC_NO_PIC = NO;
				GCC_OPTIMIZATION_LEVEL = 0;
				GCC_PREPROCESSOR_DEFINITIONS = (
					"DEBUG=1",
					"$(inherited)",
				);
				GCC_SYMBOLS_PRIVATE_EXTERN = NO;
				GCC_WARN_64_TO_32_BIT_CONVERSION = YES;
				GCC_WARN_ABOUT_RETURN_TYPE = YES_ERROR;
				GCC_WARN_UNDECLARED_SELECTOR = YES;
				GCC_WARN_UNINITIALIZED_AUTOS = YES_AGGRESSIVE;
				GCC_WARN_UNUSED_FUNCTION = YES;
				GCC_WARN_UNUSED_VARIABLE = YES;
				IPHONEOS_DEPLOYMENT_TARGET = 8.1;
				MTL_ENABLE_DEBUG_INFO = YES;
				ONLY_ACTIVE_ARCH = YES;
				SDKROOT = iphoneos;
			};
			name = Debug;
		};
		006652981A7F91690057C15A /* Release */ = {
			isa = XCBuildConfiguration;
			buildSettings = {
				ALWAYS_SEARCH_USER_PATHS = NO;
				CLANG_CXX_LANGUAGE_STANDARD = "gnu++0x";
				CLANG_CXX_LIBRARY = "libc++";
				CLANG_ENABLE_MODULES = YES;
				CLANG_ENABLE_OBJC_ARC = YES;
				CLANG_WARN_BOOL_CONVERSION = YES;
				CLANG_WARN_CONSTANT_CONVERSION = YES;
				CLANG_WARN_DIRECT_OBJC_ISA_USAGE = YES_ERROR;
				CLANG_WARN_EMPTY_BODY = YES;
				CLANG_WARN_ENUM_CONVERSION = YES;
				CLANG_WARN_INT_CONVERSION = YES;
				CLANG_WARN_OBJC_ROOT_CLASS = YES_ERROR;
				CLANG_WARN_UNREACHABLE_CODE = YES;
				CLANG_WARN__DUPLICATE_METHOD_MATCH = YES;
				"CODE_SIGN_IDENTITY[sdk=iphoneos*]" = "iPhone Developer";
				COPY_PHASE_STRIP = YES;
				ENABLE_NS_ASSERTIONS = NO;
				ENABLE_STRICT_OBJC_MSGSEND = YES;
				GCC_C_LANGUAGE_STANDARD = gnu99;
				GCC_WARN_64_TO_32_BIT_CONVERSION = YES;
				GCC_WARN_ABOUT_RETURN_TYPE = YES_ERROR;
				GCC_WARN_UNDECLARED_SELECTOR = YES;
				GCC_WARN_UNINITIALIZED_AUTOS = YES_AGGRESSIVE;
				GCC_WARN_UNUSED_FUNCTION = YES;
				GCC_WARN_UNUSED_VARIABLE = YES;
				IPHONEOS_DEPLOYMENT_TARGET = 8.1;
				MTL_ENABLE_DEBUG_INFO = NO;
				SDKROOT = iphoneos;
				VALIDATE_PRODUCT = YES;
			};
			name = Release;
		};
		0066529A1A7F91690057C15A /* Debug */ = {
			isa = XCBuildConfiguration;
			buildSettings = {
				ASSETCATALOG_COMPILER_APPICON_NAME = AppIcon;
				INFOPLIST_FILE = Everpobre/Info.plist;
				LD_RUNPATH_SEARCH_PATHS = "$(inherited) @executable_path/Frameworks";
				PRODUCT_NAME = "$(TARGET_NAME)";
			};
			name = Debug;
		};
		0066529B1A7F91690057C15A /* Release */ = {
			isa = XCBuildConfiguration;
			buildSettings = {
				ASSETCATALOG_COMPILER_APPICON_NAME = AppIcon;
				INFOPLIST_FILE = Everpobre/Info.plist;
				LD_RUNPATH_SEARCH_PATHS = "$(inherited) @executable_path/Frameworks";
				PRODUCT_NAME = "$(TARGET_NAME)";
			};
			name = Release;
		};
		0066529D1A7F91690057C15A /* Debug */ = {
			isa = XCBuildConfiguration;
			buildSettings = {
				BUNDLE_LOADER = "$(TEST_HOST)";
				FRAMEWORK_SEARCH_PATHS = (
					"$(SDKROOT)/Developer/Library/Frameworks",
					"$(inherited)",
				);
				GCC_PREPROCESSOR_DEFINITIONS = (
					"DEBUG=1",
					"$(inherited)",
				);
				INFOPLIST_FILE = EverpobreTests/Info.plist;
				LD_RUNPATH_SEARCH_PATHS = "$(inherited) @executable_path/Frameworks @loader_path/Frameworks";
				PRODUCT_NAME = "$(TARGET_NAME)";
				TEST_HOST = "$(BUILT_PRODUCTS_DIR)/Everpobre.app/Everpobre";
			};
			name = Debug;
		};
		0066529E1A7F91690057C15A /* Release */ = {
			isa = XCBuildConfiguration;
			buildSettings = {
				BUNDLE_LOADER = "$(TEST_HOST)";
				FRAMEWORK_SEARCH_PATHS = (
					"$(SDKROOT)/Developer/Library/Frameworks",
					"$(inherited)",
				);
				INFOPLIST_FILE = EverpobreTests/Info.plist;
				LD_RUNPATH_SEARCH_PATHS = "$(inherited) @executable_path/Frameworks @loader_path/Frameworks";
				PRODUCT_NAME = "$(TARGET_NAME)";
				TEST_HOST = "$(BUILT_PRODUCTS_DIR)/Everpobre.app/Everpobre";
			};
			name = Release;
		};
/* End XCBuildConfiguration section */

/* Begin XCConfigurationList section */
		006652771A7F91690057C15A /* Build configuration list for PBXProject "Everpobre" */ = {
			isa = XCConfigurationList;
			buildConfigurations = (
				006652971A7F91690057C15A /* Debug */,
				006652981A7F91690057C15A /* Release */,
			);
			defaultConfigurationIsVisible = 0;
			defaultConfigurationName = Release;
		};
		006652991A7F91690057C15A /* Build configuration list for PBXNativeTarget "Everpobre" */ = {
			isa = XCConfigurationList;
			buildConfigurations = (
				0066529A1A7F91690057C15A /* Debug */,
				0066529B1A7F91690057C15A /* Release */,
			);
			defaultConfigurationIsVisible = 0;
		};
		0066529C1A7F91690057C15A /* Build configuration list for PBXNativeTarget "EverpobreTests" */ = {
			isa = XCConfigurationList;
			buildConfigurations = (
				0066529D1A7F91690057C15A /* Debug */,
				0066529E1A7F91690057C15A /* Release */,
			);
			defaultConfigurationIsVisible = 0;
		};
/* End XCConfigurationList section */
	};
	rootObject = 006652741A7F91690057C15A /* Project object */;
}
